
Microsoft Visual Studio Solution File, Format Version 12.00
# Visual Studio 2013
VisualStudioVersion = 12.0.40629.0
MinimumVisualStudioVersion = 10.0.40219.1
Project("{FAE04EC0-301F-11D3-BF4B-00C04F79EFBC}") = "ParityResult", "ParityResult\ParityResult.csproj", "{AA6B7D2F-441F-4DBB-9209-4EDC9EF5D2DE}"
EndProject
Global
	GlobalSection(SolutionConfigurationPlatforms) = preSolution
		Debug|Any CPU = Debug|Any CPU
		Release|Any CPU = Release|Any CPU
	EndGlobalSection
	GlobalSection(ProjectConfigurationPlatforms) = postSolution
		{AA6B7D2F-441F-4DBB-9209-4EDC9EF5D2DE}.Debug|Any CPU.ActiveCfg = Debug|Any CPU
		{AA6B7D2F-441F-4DBB-9209-4EDC9EF5D2DE}.Debug|Any CPU.Build.0 = Debug|Any CPU
		{AA6B7D2F-441F-4DBB-9209-4EDC9EF5D2DE}.Release|Any CPU.ActiveCfg = Release|Any CPU
		{AA6B7D2F-441F-4DBB-9209-4EDC9EF5D2DE}.Release|Any CPU.Build.0 = Release|Any CPU
	EndGlobalSection
	GlobalSection(SolutionProperties) = preSolution
		HideSolutionNode = FALSE
	EndGlobalSection
EndGlobal
